
Microsoft Visual Studio Solution File, Format Version 12.00
# Visual Studio Version 17
VisualStudioVersion = 17.4.33213.308
MinimumVisualStudioVersion = 10.0.40219.1
Project("{9A19103F-16F7-4668-BE54-9A1E7A4F7556}") = "Social_Network", "Social_Network\Social_Network.csproj", "{D74D1D49-D942-49E1-9EAA-4B052FF39347}"
EndProject
Project("{FAE04EC0-301F-11D3-BF4B-00C04F79EFBC}") = "Social_Network.Tests", "Social_Network.Tests\Social_Network.Tests.csproj", "{E538D0AB-E07E-4BC3-AACB-64070045E54A}"
EndProject
Global
	GlobalSection(SolutionConfigurationPlatforms) = preSolution
		Debug|Any CPU = Debug|Any CPU
		Release|Any CPU = Release|Any CPU
	EndGlobalSection
	GlobalSection(ProjectConfigurationPlatforms) = postSolution
		{D74D1D49-D942-49E1-9EAA-4B052FF39347}.Debug|Any CPU.ActiveCfg = Debug|Any CPU
		{D74D1D49-D942-49E1-9EAA-4B052FF39347}.Debug|Any CPU.Build.0 = Debug|Any CPU
		{D74D1D49-D942-49E1-9EAA-4B052FF39347}.Release|Any CPU.ActiveCfg = Release|Any CPU
		{D74D1D49-D942-49E1-9EAA-4B052FF39347}.Release|Any CPU.Build.0 = Release|Any CPU
		{E538D0AB-E07E-4BC3-AACB-64070045E54A}.Debug|Any CPU.ActiveCfg = Debug|Any CPU
		{E538D0AB-E07E-4BC3-AACB-64070045E54A}.Debug|Any CPU.Build.0 = Debug|Any CPU
		{E538D0AB-E07E-4BC3-AACB-64070045E54A}.Release|Any CPU.ActiveCfg = Release|Any CPU
		{E538D0AB-E07E-4BC3-AACB-64070045E54A}.Release|Any CPU.Build.0 = Release|Any CPU
	EndGlobalSection
	GlobalSection(SolutionProperties) = preSolution
		HideSolutionNode = FALSE
	EndGlobalSection
	GlobalSection(ExtensibilityGlobals) = postSolution
		SolutionGuid = {7D0EE50D-086E-4974-8886-D216F7C224A2}
	EndGlobalSection
EndGlobal
